
Microsoft Visual Studio Solution File, Format Version 12.00
# Visual Studio 14
VisualStudioVersion = 14.0.24720.0
MinimumVisualStudioVersion = 10.0.40219.1
Project("{FAE04EC0-301F-11D3-BF4B-00C04F79EFBC}") = "99Bottles.Tests", "99Bottles.Tests.csproj", "{F42A7754-C49B-4BEB-BB4A-DF77DC92F5EA}"
EndProject
Project("{FAE04EC0-301F-11D3-BF4B-00C04F79EFBC}") = "99Bottles", "..\99Bottles\99Bottles.csproj", "{160D469A-B5D4-4519-B83E-BFC364F84240}"
EndProject
Global
	GlobalSection(SolutionConfigurationPlatforms) = preSolution
		Debug|Any CPU = Debug|Any CPU
		Release|Any CPU = Release|Any CPU
	EndGlobalSection
	GlobalSection(ProjectConfigurationPlatforms) = postSolution
		{F42A7754-C49B-4BEB-BB4A-DF77DC92F5EA}.Debug|Any CPU.ActiveCfg = Debug|Any CPU
		{F42A7754-C49B-4BEB-BB4A-DF77DC92F5EA}.Debug|Any CPU.Build.0 = Debug|Any CPU
		{F42A7754-C49B-4BEB-BB4A-DF77DC92F5EA}.Release|Any CPU.ActiveCfg = Release|Any CPU
		{F42A7754-C49B-4BEB-BB4A-DF77DC92F5EA}.Release|Any CPU.Build.0 = Release|Any CPU
		{160D469A-B5D4-4519-B83E-BFC364F84240}.Debug|Any CPU.ActiveCfg = Debug|Any CPU
		{160D469A-B5D4-4519-B83E-BFC364F84240}.Debug|Any CPU.Build.0 = Debug|Any CPU
		{160D469A-B5D4-4519-B83E-BFC364F84240}.Release|Any CPU.ActiveCfg = Release|Any CPU
		{160D469A-B5D4-4519-B83E-BFC364F84240}.Release|Any CPU.Build.0 = Release|Any CPU
	EndGlobalSection
	GlobalSection(SolutionProperties) = preSolution
		HideSolutionNode = FALSE
	EndGlobalSection
EndGlobal
